
Microsoft Visual Studio Solution File, Format Version 12.00
# Visual Studio Version 17
VisualStudioVersion = 17.9.34723.18
MinimumVisualStudioVersion = 10.0.40219.1
Project("{FAE04EC0-301F-11D3-BF4B-00C04F79EFBC}") = "KwFeed", "KwFeed\KwFeed.csproj", "{0E5C6297-CF27-4F0B-B00F-86FC5DE285FA}"
EndProject
Global
	GlobalSection(SolutionConfigurationPlatforms) = preSolution
		Debug|Any CPU = Debug|Any CPU
		Release|Any CPU = Release|Any CPU
	EndGlobalSection
	GlobalSection(ProjectConfigurationPlatforms) = postSolution
		{0E5C6297-CF27-4F0B-B00F-86FC5DE285FA}.Debug|Any CPU.ActiveCfg = Debug|Any CPU
		{0E5C6297-CF27-4F0B-B00F-86FC5DE285FA}.Debug|Any CPU.Build.0 = Debug|Any CPU
		{0E5C6297-CF27-4F0B-B00F-86FC5DE285FA}.Release|Any CPU.ActiveCfg = Release|Any CPU
		{0E5C6297-CF27-4F0B-B00F-86FC5DE285FA}.Release|Any CPU.Build.0 = Release|Any CPU
	EndGlobalSection
	GlobalSection(SolutionProperties) = preSolution
		HideSolutionNode = FALSE
	EndGlobalSection
	GlobalSection(ExtensibilityGlobals) = postSolution
		SolutionGuid = {A064905D-CFF7-4A3C-919E-64AF7CCD87AB}
	EndGlobalSection
EndGlobal
